// !$*UTF8*$!
{
	archiveVersion = 1;
	classes = {
	};
	objectVersion = 48;
	objects = {

/* Begin PBXBuildFile section */
		DE3DE7A01FCA1ABA00D0CA47 /* AppDelegate.swift in Sources */ = {isa = PBXBuildFile; fileRef = DE3DE79F1FCA1ABA00D0CA47 /* AppDelegate.swift */; };
		DE3DE7A21FCA1ABA00D0CA47 /* ViewController.swift in Sources */ = {isa = PBXBuildFile; fileRef = DE3DE7A11FCA1ABA00D0CA47 /* ViewController.swift */; };
		DE3DE7A71FCA1ABA00D0CA47 /* Assets.xcassets in Resources */ = {isa = PBXBuildFile; fileRef = DE3DE7A61FCA1ABA00D0CA47 /* Assets.xcassets */; };
		DE3DE7AA1FCA1ABA00D0CA47 /* LaunchScreen.storyboard in Resources */ = {isa = PBXBuildFile; fileRef = DE3DE7A81FCA1ABA00D0CA47 /* LaunchScreen.storyboard */; };
		DE3DE7B51FCA1ABA00D0CA47 /* RealmTasksTutorialTests.swift in Sources */ = {isa = PBXBuildFile; fileRef = DE3DE7B41FCA1ABA00D0CA47 /* RealmTasksTutorialTests.swift */; };
		DE3DE7C01FCA1ABA00D0CA47 /* RealmTasksTutorialUITests.swift in Sources */ = {isa = PBXBuildFile; fileRef = DE3DE7BF1FCA1ABA00D0CA47 /* RealmTasksTutorialUITests.swift */; };
		DE6417DC1FCA24CB0008ABAC /* Realm.framework in Frameworks */ = {isa = PBXBuildFile; fileRef = DE6417DB1FCA24CB0008ABAC /* Realm.framework */; };
		DE6417DD1FCA24CB0008ABAC /* Realm.framework in Embed Frameworks */ = {isa = PBXBuildFile; fileRef = DE6417DB1FCA24CB0008ABAC /* Realm.framework */; settings = {ATTRIBUTES = (CodeSignOnCopy, RemoveHeadersOnCopy, ); }; };
		DE6417E01FCA24D50008ABAC /* RealmSwift.framework in Frameworks */ = {isa = PBXBuildFile; fileRef = DE6417DF1FCA24D50008ABAC /* RealmSwift.framework */; };
		DE6417E11FCA24D50008ABAC /* RealmSwift.framework in Embed Frameworks */ = {isa = PBXBuildFile; fileRef = DE6417DF1FCA24D50008ABAC /* RealmSwift.framework */; settings = {ATTRIBUTES = (CodeSignOnCopy, RemoveHeadersOnCopy, ); }; };
/* End PBXBuildFile section */

/* Begin PBXContainerItemProxy section */
		DE3DE7B11FCA1ABA00D0CA47 /* PBXContainerItemProxy */ = {
			isa = PBXContainerItemProxy;
			containerPortal = DE3DE7941FCA1ABA00D0CA47 /* Project object */;
			proxyType = 1;
			remoteGlobalIDString = DE3DE79B1FCA1ABA00D0CA47;
			remoteInfo = RealmTasksTutorial;
		};
		DE3DE7BC1FCA1ABA00D0CA47 /* PBXContainerItemProxy */ = {
			isa = PBXContainerItemProxy;
			containerPortal = DE3DE7941FCA1ABA00D0CA47 /* Project object */;
			proxyType = 1;
			remoteGlobalIDString = DE3DE79B1FCA1ABA00D0CA47;
			remoteInfo = RealmTasksTutorial;
		};
/* End PBXContainerItemProxy section */

/* Begin PBXCopyFilesBuildPhase section */
		DE6417DE1FCA24CB0008ABAC /* Embed Frameworks */ = {
			isa = PBXCopyFilesBuildPhase;
			buildActionMask = 2147483647;
			dstPath = "";
			dstSubfolderSpec = 10;
			files = (
				DE6417E11FCA24D50008ABAC /* RealmSwift.framework in Embed Frameworks */,
				DE6417DD1FCA24CB0008ABAC /* Realm.framework in Embed Frameworks */,
			);
			name = "Embed Frameworks";
			runOnlyForDeploymentPostprocessing = 0;
		};
/* End PBXCopyFilesBuildPhase section */

/* Begin PBXFileReference section */
		DE3DE79C1FCA1ABA00D0CA47 /* RealmTasksTutorial.app */ = {isa = PBXFileReference; explicitFileType = wrapper.application; includeInIndex = 0; path = RealmTasksTutorial.app; sourceTree = BUILT_PRODUCTS_DIR; };
		DE3DE79F1FCA1ABA00D0CA47 /* AppDelegate.swift */ = {isa = PBXFileReference; lastKnownFileType = sourcecode.swift; path = AppDelegate.swift; sourceTree = "<group>"; };
		DE3DE7A11FCA1ABA00D0CA47 /* ViewController.swift */ = {isa = PBXFileReference; lastKnownFileType = sourcecode.swift; path = ViewController.swift; sourceTree = "<group>"; };
		DE3DE7A61FCA1ABA00D0CA47 /* Assets.xcassets */ = {isa = PBXFileReference; lastKnownFileType = folder.assetcatalog; path = Assets.xcassets; sourceTree = "<group>"; };
		DE3DE7A91FCA1ABA00D0CA47 /* Base */ = {isa = PBXFileReference; lastKnownFileType = file.storyboard; name = Base; path = Base.lproj/LaunchScreen.storyboard; sourceTree = "<group>"; };
		DE3DE7AB1FCA1ABA00D0CA47 /* Info.plist */ = {isa = PBXFileReference; lastKnownFileType = text.plist.xml; path = Info.plist; sourceTree = "<group>"; };
		DE3DE7B01FCA1ABA00D0CA47 /* RealmTasksTutorialTests.xctest */ = {isa = PBXFileReference; explicitFileType = wrapper.cfbundle; includeInIndex = 0; path = RealmTasksTutorialTests.xctest; sourceTree = BUILT_PRODUCTS_DIR; };
		DE3DE7B41FCA1ABA00D0CA47 /* RealmTasksTutorialTests.swift */ = {isa = PBXFileReference; lastKnownFileType = sourcecode.swift; path = RealmTasksTutorialTests.swift; sourceTree = "<group>"; };
		DE3DE7B61FCA1ABA00D0CA47 /* Info.plist */ = {isa = PBXFileReference; lastKnownFileType = text.plist.xml; path = Info.plist; sourceTree = "<group>"; };
		DE3DE7BB1FCA1ABA00D0CA47 /* RealmTasksTutorialUITests.xctest */ = {isa = PBXFileReference; explicitFileType = wrapper.cfbundle; includeInIndex = 0; path = RealmTasksTutorialUITests.xctest; sourceTree = BUILT_PRODUCTS_DIR; };
		DE3DE7BF1FCA1ABA00D0CA47 /* RealmTasksTutorialUITests.swift */ = {isa = PBXFileReference; lastKnownFileType = sourcecode.swift; path = RealmTasksTutorialUITests.swift; sourceTree = "<group>"; };
		DE3DE7C11FCA1ABA00D0CA47 /* Info.plist */ = {isa = PBXFileReference; lastKnownFileType = text.plist.xml; path = Info.plist; sourceTree = "<group>"; };
		DE6417D51FCA24670008ABAC /* RealmSwift.framework */ = {isa = PBXFileReference; lastKnownFileType = wrapper.framework; name = RealmSwift.framework; path = Carthage/Build/iOS/RealmSwift.framework; sourceTree = "<group>"; };
		DE6417DB1FCA24CB0008ABAC /* Realm.framework */ = {isa = PBXFileReference; lastKnownFileType = wrapper.framework; name = Realm.framework; path = Carthage/Build/iOS/Realm.framework; sourceTree = "<group>"; };
		DE6417DF1FCA24D50008ABAC /* RealmSwift.framework */ = {isa = PBXFileReference; lastKnownFileType = wrapper.framework; name = RealmSwift.framework; path = Carthage/Build/iOS/RealmSwift.framework; sourceTree = "<group>"; };
		DEB9C2FD1FCA1CF200BFFB09 /* README.md */ = {isa = PBXFileReference; lastKnownFileType = net.daringfireball.markdown; name = README.md; path = ../FOHomework/RealmSwiftExamples/README.md; sourceTree = "<group>"; };
		DEB9C2FE1FCA1D8000BFFB09 /* RealmTasksTutorial.entitlements */ = {isa = PBXFileReference; lastKnownFileType = text.plist.entitlements; path = RealmTasksTutorial.entitlements; sourceTree = "<group>"; };
/* End PBXFileReference section */

/* Begin PBXFrameworksBuildPhase section */
		DE3DE7991FCA1ABA00D0CA47 /* Frameworks */ = {
			isa = PBXFrameworksBuildPhase;
			buildActionMask = 2147483647;
			files = (
				DE6417E01FCA24D50008ABAC /* RealmSwift.framework in Frameworks */,
				DE6417DC1FCA24CB0008ABAC /* Realm.framework in Frameworks */,
			);
			runOnlyForDeploymentPostprocessing = 0;
		};
		DE3DE7AD1FCA1ABA00D0CA47 /* Frameworks */ = {
			isa = PBXFrameworksBuildPhase;
			buildActionMask = 2147483647;
			files = (
			);
			runOnlyForDeploymentPostprocessing = 0;
		};
		DE3DE7B81FCA1ABA00D0CA47 /* Frameworks */ = {
			isa = PBXFrameworksBuildPhase;
			buildActionMask = 2147483647;
			files = (
			);
			runOnlyForDeploymentPostprocessing = 0;
		};
/* End PBXFrameworksBuildPhase section */

/* Begin PBXGroup section */
		DE3DE7931FCA1ABA00D0CA47 = {
			isa = PBXGroup;
			children = (
				DE6417DF1FCA24D50008ABAC /* RealmSwift.framework */,
				DE6417DB1FCA24CB0008ABAC /* Realm.framework */,
				DEB9C2FD1FCA1CF200BFFB09 /* README.md */,
				DE3DE79E1FCA1ABA00D0CA47 /* RealmTasksTutorial */,
				DE3DE7B31FCA1ABA00D0CA47 /* RealmTasksTutorialTests */,
				DE3DE7BE1FCA1ABA00D0CA47 /* RealmTasksTutorialUITests */,
				DE3DE79D1FCA1ABA00D0CA47 /* Products */,
				DE6417D41FCA24670008ABAC /* Frameworks */,
			);
			sourceTree = "<group>";
		};
		DE3DE79D1FCA1ABA00D0CA47 /* Products */ = {
			isa = PBXGroup;
			children = (
				DE3DE79C1FCA1ABA00D0CA47 /* RealmTasksTutorial.app */,
				DE3DE7B01FCA1ABA00D0CA47 /* RealmTasksTutorialTests.xctest */,
				DE3DE7BB1FCA1ABA00D0CA47 /* RealmTasksTutorialUITests.xctest */,
			);
			name = Products;
			sourceTree = "<group>";
		};
		DE3DE79E1FCA1ABA00D0CA47 /* RealmTasksTutorial */ = {
			isa = PBXGroup;
			children = (
				DEB9C2FE1FCA1D8000BFFB09 /* RealmTasksTutorial.entitlements */,
				DE3DE79F1FCA1ABA00D0CA47 /* AppDelegate.swift */,
				DE3DE7A11FCA1ABA00D0CA47 /* ViewController.swift */,
				DE3DE7A61FCA1ABA00D0CA47 /* Assets.xcassets */,
				DE3DE7A81FCA1ABA00D0CA47 /* LaunchScreen.storyboard */,
				DE3DE7AB1FCA1ABA00D0CA47 /* Info.plist */,
			);
			path = RealmTasksTutorial;
			sourceTree = "<group>";
		};
		DE3DE7B31FCA1ABA00D0CA47 /* RealmTasksTutorialTests */ = {
			isa = PBXGroup;
			children = (
				DE3DE7B41FCA1ABA00D0CA47 /* RealmTasksTutorialTests.swift */,
				DE3DE7B61FCA1ABA00D0CA47 /* Info.plist */,
			);
			path = RealmTasksTutorialTests;
			sourceTree = "<group>";
		};
		DE3DE7BE1FCA1ABA00D0CA47 /* RealmTasksTutorialUITests */ = {
			isa = PBXGroup;
			children = (
				DE3DE7BF1FCA1ABA00D0CA47 /* RealmTasksTutorialUITests.swift */,
				DE3DE7C11FCA1ABA00D0CA47 /* Info.plist */,
			);
			path = RealmTasksTutorialUITests;
			sourceTree = "<group>";
		};
		DE6417D41FCA24670008ABAC /* Frameworks */ = {
			isa = PBXGroup;
			children = (
				DE6417D51FCA24670008ABAC /* RealmSwift.framework */,
			);
			name = Frameworks;
			sourceTree = "<group>";
		};
/* End PBXGroup section */

/* Begin PBXNativeTarget section */
		DE3DE79B1FCA1ABA00D0CA47 /* RealmTasksTutorial */ = {
			isa = PBXNativeTarget;
			buildConfigurationList = DE3DE7C41FCA1ABA00D0CA47 /* Build configuration list for PBXNativeTarget "RealmTasksTutorial" */;
			buildPhases = (
				DE3DE7981FCA1ABA00D0CA47 /* Sources */,
				DE3DE7991FCA1ABA00D0CA47 /* Frameworks */,
				DE3DE79A1FCA1ABA00D0CA47 /* Resources */,
				DE6417DE1FCA24CB0008ABAC /* Embed Frameworks */,
			);
			buildRules = (
			);
			dependencies = (
			);
			name = RealmTasksTutorial;
			productName = RealmTasksTutorial;
			productReference = DE3DE79C1FCA1ABA00D0CA47 /* RealmTasksTutorial.app */;
			productType = "com.apple.product-type.application";
		};
		DE3DE7AF1FCA1ABA00D0CA47 /* RealmTasksTutorialTests */ = {
			isa = PBXNativeTarget;
			buildConfigurationList = DE3DE7C71FCA1ABA00D0CA47 /* Build configuration list for PBXNativeTarget "RealmTasksTutorialTests" */;
			buildPhases = (
				DE3DE7AC1FCA1ABA00D0CA47 /* Sources */,
				DE3DE7AD1FCA1ABA00D0CA47 /* Frameworks */,
				DE3DE7AE1FCA1ABA00D0CA47 /* Resources */,
			);
			buildRules = (
			);
			dependencies = (
				DE3DE7B21FCA1ABA00D0CA47 /* PBXTargetDependency */,
			);
			name = RealmTasksTutorialTests;
			productName = RealmTasksTutorialTests;
			productReference = DE3DE7B01FCA1ABA00D0CA47 /* RealmTasksTutorialTests.xctest */;
			productType = "com.apple.product-type.bundle.unit-test";
		};
		DE3DE7BA1FCA1ABA00D0CA47 /* RealmTasksTutorialUITests */ = {
			isa = PBXNativeTarget;
			buildConfigurationList = DE3DE7CA1FCA1ABA00D0CA47 /* Build configuration list for PBXNativeTarget "RealmTasksTutorialUITests" */;
			buildPhases = (
				DE3DE7B71FCA1ABA00D0CA47 /* Sources */,
				DE3DE7B81FCA1ABA00D0CA47 /* Frameworks */,
				DE3DE7B91FCA1ABA00D0CA47 /* Resources */,
			);
			buildRules = (
			);
			dependencies = (
				DE3DE7BD1FCA1ABA00D0CA47 /* PBXTargetDependency */,
			);
			name = RealmTasksTutorialUITests;
			productName = RealmTasksTutorialUITests;
			productReference = DE3DE7BB1FCA1ABA00D0CA47 /* RealmTasksTutorialUITests.xctest */;
			productType = "com.apple.product-type.bundle.ui-testing";
		};
/* End PBXNativeTarget section */

/* Begin PBXProject section */
		DE3DE7941FCA1ABA00D0CA47 /* Project object */ = {
			isa = PBXProject;
			attributes = {
				LastSwiftUpdateCheck = 0910;
				LastUpgradeCheck = 0910;
				ORGANIZATIONNAME = "Beepscore LLC";
				TargetAttributes = {
					DE3DE79B1FCA1ABA00D0CA47 = {
						CreatedOnToolsVersion = 9.1;
						ProvisioningStyle = Automatic;
						SystemCapabilities = {
							com.apple.Keychain = {
								enabled = 1;
							};
						};
					};
					DE3DE7AF1FCA1ABA00D0CA47 = {
						CreatedOnToolsVersion = 9.1;
						ProvisioningStyle = Automatic;
						TestTargetID = DE3DE79B1FCA1ABA00D0CA47;
					};
					DE3DE7BA1FCA1ABA00D0CA47 = {
						CreatedOnToolsVersion = 9.1;
						ProvisioningStyle = Automatic;
						TestTargetID = DE3DE79B1FCA1ABA00D0CA47;
					};
				};
			};
			buildConfigurationList = DE3DE7971FCA1ABA00D0CA47 /* Build configuration list for PBXProject "RealmTasksTutorial" */;
			compatibilityVersion = "Xcode 8.0";
			developmentRegion = en;
			hasScannedForEncodings = 0;
			knownRegions = (
				en,
				Base,
			);
			mainGroup = DE3DE7931FCA1ABA00D0CA47;
			productRefGroup = DE3DE79D1FCA1ABA00D0CA47 /* Products */;
			projectDirPath = "";
			projectRoot = "";
			targets = (
				DE3DE79B1FCA1ABA00D0CA47 /* RealmTasksTutorial */,
				DE3DE7AF1FCA1ABA00D0CA47 /* RealmTasksTutorialTests */,
				DE3DE7BA1FCA1ABA00D0CA47 /* RealmTasksTutorialUITests */,
			);
		};
/* End PBXProject section */

/* Begin PBXResourcesBuildPhase section */
		DE3DE79A1FCA1ABA00D0CA47 /* Resources */ = {
			isa = PBXResourcesBuildPhase;
			buildActionMask = 2147483647;
			files = (
				DE3DE7AA1FCA1ABA00D0CA47 /* LaunchScreen.storyboard in Resources */,
				DE3DE7A71FCA1ABA00D0CA47 /* Assets.xcassets in Resources */,
			);
			runOnlyForDeploymentPostprocessing = 0;
		};
		DE3DE7AE1FCA1ABA00D0CA47 /* Resources */ = {
			isa = PBXResourcesBuildPhase;
			buildActionMask = 2147483647;
			files = (
			);
			runOnlyForDeploymentPostprocessing = 0;
		};
		DE3DE7B91FCA1ABA00D0CA47 /* Resources */ = {
			isa = PBXResourcesBuildPhase;
			buildActionMask = 2147483647;
			files = (
			);
			runOnlyForDeploymentPostprocessing = 0;
		};
/* End PBXResourcesBuildPhase section */

/* Begin PBXSourcesBuildPhase section */
		DE3DE7981FCA1ABA00D0CA47 /* Sources */ = {
			isa = PBXSourcesBuildPhase;
			buildActionMask = 2147483647;
			files = (
				DE3DE7A21FCA1ABA00D0CA47 /* ViewController.swift in Sources */,
				DE3DE7A01FCA1ABA00D0CA47 /* AppDelegate.swift in Sources */,
			);
			runOnlyForDeploymentPostprocessing = 0;
		};
		DE3DE7AC1FCA1ABA00D0CA47 /* Sources */ = {
			isa = PBXSourcesBuildPhase;
			buildActionMask = 2147483647;
			files = (
				DE3DE7B51FCA1ABA00D0CA47 /* RealmTasksTutorialTests.swift in Sources */,
			);
			runOnlyForDeploymentPostprocessing = 0;
		};
		DE3DE7B71FCA1ABA00D0CA47 /* Sources */ = {
			isa = PBXSourcesBuildPhase;
			buildActionMask = 2147483647;
			files = (
				DE3DE7C01FCA1ABA00D0CA47 /* RealmTasksTutorialUITests.swift in Sources */,
			);
			runOnlyForDeploymentPostprocessing = 0;
		};
/* End PBXSourcesBuildPhase section */

/* Begin PBXTargetDependency section */
		DE3DE7B21FCA1ABA00D0CA47 /* PBXTargetDependency */ = {
			isa = PBXTargetDependency;
			target = DE3DE79B1FCA1ABA00D0CA47 /* RealmTasksTutorial */;
			targetProxy = DE3DE7B11FCA1ABA00D0CA47 /* PBXContainerItemProxy */;
		};
		DE3DE7BD1FCA1ABA00D0CA47 /* PBXTargetDependency */ = {
			isa = PBXTargetDependency;
			target = DE3DE79B1FCA1ABA00D0CA47 /* RealmTasksTutorial */;
			targetProxy = DE3DE7BC1FCA1ABA00D0CA47 /* PBXContainerItemProxy */;
		};
/* End PBXTargetDependency section */

/* Begin PBXVariantGroup section */
		DE3DE7A81FCA1ABA00D0CA47 /* LaunchScreen.storyboard */ = {
			isa = PBXVariantGroup;
			children = (
				DE3DE7A91FCA1ABA00D0CA47 /* Base */,
			);
			name = LaunchScreen.storyboard;
			sourceTree = "<group>";
		};
/* End PBXVariantGroup section */

/* Begin XCBuildConfiguration section */
		DE3DE7C21FCA1ABA00D0CA47 /* Debug */ = {
			isa = XCBuildConfiguration;
			buildSettings = {
				ALWAYS_SEARCH_USER_PATHS = NO;
				CLANG_ANALYZER_NONNULL = YES;
				CLANG_ANALYZER_NUMBER_OBJECT_CONVERSION = YES_AGGRESSIVE;
				CLANG_CXX_LANGUAGE_STANDARD = "gnu++14";
				CLANG_CXX_LIBRARY = "libc++";
				CLANG_ENABLE_MODULES = YES;
				CLANG_ENABLE_OBJC_ARC = YES;
				CLANG_WARN_BLOCK_CAPTURE_AUTORELEASING = YES;
				CLANG_WARN_BOOL_CONVERSION = YES;
				CLANG_WARN_COMMA = YES;
				CLANG_WARN_CONSTANT_CONVERSION = YES;
				CLANG_WARN_DIRECT_OBJC_ISA_USAGE = YES_ERROR;
				CLANG_WARN_DOCUMENTATION_COMMENTS = YES;
				CLANG_WARN_EMPTY_BODY = YES;
				CLANG_WARN_ENUM_CONVERSION = YES;
				CLANG_WARN_INFINITE_RECURSION = YES;
				CLANG_WARN_INT_CONVERSION = YES;
				CLANG_WARN_NON_LITERAL_NULL_CONVERSION = YES;
				CLANG_WARN_OBJC_LITERAL_CONVERSION = YES;
				CLANG_WARN_OBJC_ROOT_CLASS = YES_ERROR;
				CLANG_WARN_RANGE_LOOP_ANALYSIS = YES;
				CLANG_WARN_STRICT_PROTOTYPES = YES;
				CLANG_WARN_SUSPICIOUS_MOVE = YES;
				CLANG_WARN_UNGUARDED_AVAILABILITY = YES_AGGRESSIVE;
				CLANG_WARN_UNREACHABLE_CODE = YES;
				CLANG_WARN__DUPLICATE_METHOD_MATCH = YES;
				CODE_SIGN_IDENTITY = "iPhone Developer";
				COPY_PHASE_STRIP = NO;
				DEBUG_INFORMATION_FORMAT = dwarf;
				ENABLE_STRICT_OBJC_MSGSEND = YES;
				ENABLE_TESTABILITY = YES;
				GCC_C_LANGUAGE_STANDARD = gnu11;
				GCC_DYNAMIC_NO_PIC = NO;
				GCC_NO_COMMON_BLOCKS = YES;
				GCC_OPTIMIZATION_LEVEL = 0;
				GCC_PREPROCESSOR_DEFINITIONS = (
					"DEBUG=1",
					"$(inherited)",
				);
				GCC_WARN_64_TO_32_BIT_CONVERSION = YES;
				GCC_WARN_ABOUT_RETURN_TYPE = YES_ERROR;
				GCC_WARN_UNDECLARED_SELECTOR = YES;
				GCC_WARN_UNINITIALIZED_AUTOS = YES_AGGRESSIVE;
				GCC_WARN_UNUSED_FUNCTION = YES;
				GCC_WARN_UNUSED_VARIABLE = YES;
				IPHONEOS_DEPLOYMENT_TARGET = 11.1;
				MTL_ENABLE_DEBUG_INFO = YES;
				ONLY_ACTIVE_ARCH = YES;
				SDKROOT = iphoneos;
				SWIFT_ACTIVE_COMPILATION_CONDITIONS = DEBUG;
				SWIFT_OPTIMIZATION_LEVEL = "-Onone";
			};
			name = Debug;
		};
		DE3DE7C31FCA1ABA00D0CA47 /* Release */ = {
			isa = XCBuildConfiguration;
			buildSettings = {
				ALWAYS_SEARCH_USER_PATHS = NO;
				CLANG_ANALYZER_NONNULL = YES;
				CLANG_ANALYZER_NUMBER_OBJECT_CONVERSION = YES_AGGRESSIVE;
				CLANG_CXX_LANGUAGE_STANDARD = "gnu++14";
				CLANG_CXX_LIBRARY = "libc++";
				CLANG_ENABLE_MODULES = YES;
				CLANG_ENABLE_OBJC_ARC = YES;
				CLANG_WARN_BLOCK_CAPTURE_AUTORELEASING = YES;
				CLANG_WARN_BOOL_CONVERSION = YES;
				CLANG_WARN_COMMA = YES;
				CLANG_WARN_CONSTANT_CONVERSION = YES;
				CLANG_WARN_DIRECT_OBJC_ISA_USAGE = YES_ERROR;
				CLANG_WARN_DOCUMENTATION_COMMENTS = YES;
				CLANG_WARN_EMPTY_BODY = YES;
				CLANG_WARN_ENUM_CONVERSION = YES;
				CLANG_WARN_INFINITE_RECURSION = YES;
				CLANG_WARN_INT_CONVERSION = YES;
				CLANG_WARN_NON_LITERAL_NULL_CONVERSION = YES;
				CLANG_WARN_OBJC_LITERAL_CONVERSION = YES;
				CLANG_WARN_OBJC_ROOT_CLASS = YES_ERROR;
				CLANG_WARN_RANGE_LOOP_ANALYSIS = YES;
				CLANG_WARN_STRICT_PROTOTYPES = YES;
				CLANG_WARN_SUSPICIOUS_MOVE = YES;
				CLANG_WARN_UNGUARDED_AVAILABILITY = YES_AGGRESSIVE;
				CLANG_WARN_UNREACHABLE_CODE = YES;
				CLANG_WARN__DUPLICATE_METHOD_MATCH = YES;
				CODE_SIGN_IDENTITY = "iPhone Developer";
				COPY_PHASE_STRIP = NO;
				DEBUG_INFORMATION_FORMAT = "dwarf-with-dsym";
				ENABLE_NS_ASSERTIONS = NO;
				ENABLE_STRICT_OBJC_MSGSEND = YES;
				GCC_C_LANGUAGE_STANDARD = gnu11;
				GCC_NO_COMMON_BLOCKS = YES;
				GCC_WARN_64_TO_32_BIT_CONVERSION = YES;
				GCC_WARN_ABOUT_RETURN_TYPE = YES_ERROR;
				GCC_WARN_UNDECLARED_SELECTOR = YES;
				GCC_WARN_UNINITIALIZED_AUTOS = YES_AGGRESSIVE;
				GCC_WARN_UNUSED_FUNCTION = YES;
				GCC_WARN_UNUSED_VARIABLE = YES;
				IPHONEOS_DEPLOYMENT_TARGET = 11.1;
				MTL_ENABLE_DEBUG_INFO = NO;
				SDKROOT = iphoneos;
				SWIFT_OPTIMIZATION_LEVEL = "-Owholemodule";
				VALIDATE_PRODUCT = YES;
			};
			name = Release;
		};
		DE3DE7C51FCA1ABA00D0CA47 /* Debug */ = {
			isa = XCBuildConfiguration;
			buildSettings = {
				ASSETCATALOG_COMPILER_APPICON_NAME = AppIcon;
				CODE_SIGN_ENTITLEMENTS = RealmTasksTutorial/RealmTasksTutorial.entitlements;
				CODE_SIGN_STYLE = Automatic;
				DEVELOPMENT_TEAM = J2LXK9FK3W;
				FRAMEWORK_SEARCH_PATHS = (
					"$(inherited)",
					"$(PROJECT_DIR)",
					"$(PROJECT_DIR)/Carthage/Build/iOS",
				);
				INFOPLIST_FILE = RealmTasksTutorial/Info.plist;
				LD_RUNPATH_SEARCH_PATHS = "$(inherited) @executable_path/Frameworks";
				PRODUCT_BUNDLE_IDENTIFIER = com.beepscore.RealmTasksTutorial;
				PRODUCT_NAME = "$(TARGET_NAME)";
				SWIFT_VERSION = 4.0;
				TARGETED_DEVICE_FAMILY = 1;
			};
			name = Debug;
		};
		DE3DE7C61FCA1ABA00D0CA47 /* Release */ = {
			isa = XCBuildConfiguration;
			buildSettings = {
				ASSETCATALOG_COMPILER_APPICON_NAME = AppIcon;
				CODE_SIGN_ENTITLEMENTS = RealmTasksTutorial/RealmTasksTutorial.entitlements;
				CODE_SIGN_STYLE = Automatic;
				DEVELOPMENT_TEAM = J2LXK9FK3W;
				FRAMEWORK_SEARCH_PATHS = (
					"$(inherited)",
					"$(PROJECT_DIR)",
					"$(PROJECT_DIR)/Carthage/Build/iOS",
				);
				INFOPLIST_FILE = RealmTasksTutorial/Info.plist;
				LD_RUNPATH_SEARCH_PATHS = "$(inherited) @executable_path/Frameworks";
				PRODUCT_BUNDLE_IDENTIFIER = com.beepscore.RealmTasksTutorial;
				PRODUCT_NAME = "$(TARGET_NAME)";
				SWIFT_VERSION = 4.0;
				TARGETED_DEVICE_FAMILY = 1;
			};
			name = Release;
		};
		DE3DE7C81FCA1ABA00D0CA47 /* Debug */ = {
			isa = XCBuildConfiguration;
			buildSettings = {
				ALWAYS_EMBED_SWIFT_STANDARD_LIBRARIES = YES;
				BUNDLE_LOADER = "$(TEST_HOST)";
				CODE_SIGN_STYLE = Automatic;
				DEVELOPMENT_TEAM = J2LXK9FK3W;
				INFOPLIST_FILE = RealmTasksTutorialTests/Info.plist;
				LD_RUNPATH_SEARCH_PATHS = "$(inherited) @executable_path/Frameworks @loader_path/Frameworks";
				PRODUCT_BUNDLE_IDENTIFIER = com.beepscore.RealmTasksTutorialTests;
				PRODUCT_NAME = "$(TARGET_NAME)";
				SWIFT_VERSION = 4.0;
				TARGETED_DEVICE_FAMILY = "1,2";
				TEST_HOST = "$(BUILT_PRODUCTS_DIR)/RealmTasksTutorial.app/RealmTasksTutorial";
			};
			name = Debug;
		};
		DE3DE7C91FCA1ABA00D0CA47 /* Release */ = {
			isa = XCBuildConfiguration;
			buildSettings = {
				ALWAYS_EMBED_SWIFT_STANDARD_LIBRARIES = YES;
				BUNDLE_LOADER = "$(TEST_HOST)";
				CODE_SIGN_STYLE = Automatic;
				DEVELOPMENT_TEAM = J2LXK9FK3W;
				INFOPLIST_FILE = RealmTasksTutorialTests/Info.plist;
				LD_RUNPATH_SEARCH_PATHS = "$(inherited) @executable_path/Frameworks @loader_path/Frameworks";
				PRODUCT_BUNDLE_IDENTIFIER = com.beepscore.RealmTasksTutorialTests;
				PRODUCT_NAME = "$(TARGET_NAME)";
				SWIFT_VERSION = 4.0;
				TARGETED_DEVICE_FAMILY = "1,2";
				TEST_HOST = "$(BUILT_PRODUCTS_DIR)/RealmTasksTutorial.app/RealmTasksTutorial";
			};
			name = Release;
		};
		DE3DE7CB1FCA1ABA00D0CA47 /* Debug */ = {
			isa = XCBuildConfiguration;
			buildSettings = {
				ALWAYS_EMBED_SWIFT_STANDARD_LIBRARIES = YES;
				CODE_SIGN_STYLE = Automatic;
				DEVELOPMENT_TEAM = J2LXK9FK3W;
				INFOPLIST_FILE = RealmTasksTutorialUITests/Info.plist;
				LD_RUNPATH_SEARCH_PATHS = "$(inherited) @executable_path/Frameworks @loader_path/Frameworks";
				PRODUCT_BUNDLE_IDENTIFIER = com.beepscore.RealmTasksTutorialUITests;
				PRODUCT_NAME = "$(TARGET_NAME)";
				SWIFT_VERSION = 4.0;
				TARGETED_DEVICE_FAMILY = "1,2";
				TEST_TARGET_NAME = RealmTasksTutorial;
			};
			name = Debug;
		};
		DE3DE7CC1FCA1ABA00D0CA47 /* Release */ = {
			isa = XCBuildConfiguration;
			buildSettings = {
				ALWAYS_EMBED_SWIFT_STANDARD_LIBRARIES = YES;
				CODE_SIGN_STYLE = Automatic;
				DEVELOPMENT_TEAM = J2LXK9FK3W;
				INFOPLIST_FILE = RealmTasksTutorialUITests/Info.plist;
				LD_RUNPATH_SEARCH_PATHS = "$(inherited) @executable_path/Frameworks @loader_path/Frameworks";
				PRODUCT_BUNDLE_IDENTIFIER = com.beepscore.RealmTasksTutorialUITests;
				PRODUCT_NAME = "$(TARGET_NAME)";
				SWIFT_VERSION = 4.0;
				TARGETED_DEVICE_FAMILY = "1,2";
				TEST_TARGET_NAME = RealmTasksTutorial;
			};
			name = Release;
		};
/* End XCBuildConfiguration section */

/* Begin XCConfigurationList section */
		DE3DE7971FCA1ABA00D0CA47 /* Build configuration list for PBXProject "RealmTasksTutorial" */ = {
			isa = XCConfigurationList;
			buildConfigurations = (
				DE3DE7C21FCA1ABA00D0CA47 /* Debug */,
				DE3DE7C31FCA1ABA00D0CA47 /* Release */,
			);
			defaultConfigurationIsVisible = 0;
			defaultConfigurationName = Release;
		};
		DE3DE7C41FCA1ABA00D0CA47 /* Build configuration list for PBXNativeTarget "RealmTasksTutorial" */ = {
			isa = XCConfigurationList;
			buildConfigurations = (
				DE3DE7C51FCA1ABA00D0CA47 /* Debug */,
				DE3DE7C61FCA1ABA00D0CA47 /* Release */,
			);
			defaultConfigurationIsVisible = 0;
			defaultConfigurationName = Release;
		};
		DE3DE7C71FCA1ABA00D0CA47 /* Build configuration list for PBXNativeTarget "RealmTasksTutorialTests" */ = {
			isa = XCConfigurationList;
			buildConfigurations = (
				DE3DE7C81FCA1ABA00D0CA47 /* Debug */,
				DE3DE7C91FCA1ABA00D0CA47 /* Release */,
			);
			defaultConfigurationIsVisible = 0;
			defaultConfigurationName = Release;
		};
		DE3DE7CA1FCA1ABA00D0CA47 /* Build configuration list for PBXNativeTarget "RealmTasksTutorialUITests" */ = {
			isa = XCConfigurationList;
			buildConfigurations = (
				DE3DE7CB1FCA1ABA00D0CA47 /* Debug */,
				DE3DE7CC1FCA1ABA00D0CA47 /* Release */,
			);
			defaultConfigurationIsVisible = 0;
			defaultConfigurationName = Release;
		};
/* End XCConfigurationList section */
	};
	rootObject = DE3DE7941FCA1ABA00D0CA47 /* Project object */;
}
